
Microsoft Visual Studio Solution File, Format Version 12.00
# Visual Studio 14
VisualStudioVersion = 14.0.23107.0
MinimumVisualStudioVersion = 10.0.40219.1
Project("{FAE04EC0-301F-11D3-BF4B-00C04F79EFBC}") = "WebServiceKitap.DB", "WebServiceKitap.DB\WebServiceKitap.DB.csproj", "{92D54726-C0C4-40B3-86BB-B86B316DD1EE}"
EndProject
Project("{FAE04EC0-301F-11D3-BF4B-00C04F79EFBC}") = "WebServiceKitap.Core", "WebServiceKitap.Core\WebServiceKitap.Core.csproj", "{F2CE45F5-D968-4998-8282-9BF901415C24}"
EndProject
Project("{FAE04EC0-301F-11D3-BF4B-00C04F79EFBC}") = "WebServiceKitap.WebApi", "WebServiceKitap.WebApi\WebServiceKitap.WebApi.csproj", "{19934FB7-C26F-41C6-A036-2AC2CDEF9E2A}"
EndProject
Project("{FAE04EC0-301F-11D3-BF4B-00C04F79EFBC}") = "WebServiceKitap.Core.Tests", "WebServiceKitap.Core.Tests\WebServiceKitap.Core.Tests.csproj", "{716A686E-8240-4D54-96A8-A713B654223D}"
EndProject
Global
	GlobalSection(SolutionConfigurationPlatforms) = preSolution
		Debug|Any CPU = Debug|Any CPU
		Release|Any CPU = Release|Any CPU
	EndGlobalSection
	GlobalSection(ProjectConfigurationPlatforms) = postSolution
		{92D54726-C0C4-40B3-86BB-B86B316DD1EE}.Debug|Any CPU.ActiveCfg = Debug|Any CPU
		{92D54726-C0C4-40B3-86BB-B86B316DD1EE}.Debug|Any CPU.Build.0 = Debug|Any CPU
		{92D54726-C0C4-40B3-86BB-B86B316DD1EE}.Release|Any CPU.ActiveCfg = Release|Any CPU
		{92D54726-C0C4-40B3-86BB-B86B316DD1EE}.Release|Any CPU.Build.0 = Release|Any CPU
		{F2CE45F5-D968-4998-8282-9BF901415C24}.Debug|Any CPU.ActiveCfg = Debug|Any CPU
		{F2CE45F5-D968-4998-8282-9BF901415C24}.Debug|Any CPU.Build.0 = Debug|Any CPU
		{F2CE45F5-D968-4998-8282-9BF901415C24}.Release|Any CPU.ActiveCfg = Release|Any CPU
		{F2CE45F5-D968-4998-8282-9BF901415C24}.Release|Any CPU.Build.0 = Release|Any CPU
		{19934FB7-C26F-41C6-A036-2AC2CDEF9E2A}.Debug|Any CPU.ActiveCfg = Debug|Any CPU
		{19934FB7-C26F-41C6-A036-2AC2CDEF9E2A}.Debug|Any CPU.Build.0 = Debug|Any CPU
		{19934FB7-C26F-41C6-A036-2AC2CDEF9E2A}.Release|Any CPU.ActiveCfg = Release|Any CPU
		{19934FB7-C26F-41C6-A036-2AC2CDEF9E2A}.Release|Any CPU.Build.0 = Release|Any CPU
		{716A686E-8240-4D54-96A8-A713B654223D}.Debug|Any CPU.ActiveCfg = Debug|Any CPU
		{716A686E-8240-4D54-96A8-A713B654223D}.Debug|Any CPU.Build.0 = Debug|Any CPU
		{716A686E-8240-4D54-96A8-A713B654223D}.Release|Any CPU.ActiveCfg = Release|Any CPU
		{716A686E-8240-4D54-96A8-A713B654223D}.Release|Any CPU.Build.0 = Release|Any CPU
	EndGlobalSection
	GlobalSection(SolutionProperties) = preSolution
		HideSolutionNode = FALSE
	EndGlobalSection
EndGlobal
